[[package]]
name = "core"
source = "path+from-root-7053AAA90CC5E690"

[[package]]
name = "pumpjack"
source = "member"
dependencies = [
    "std",
    "sway_libs",
    "vrf_abi",
]

[[package]]
name = "standards"
source = "git+https://github.com/FuelLabs/sway-standards?tag=v0.6.0#65e09f95ea8b9476b171a66c8a47108f352fa32c"
dependencies = ["std"]

[[package]]
name = "std"
source = "git+https://github.com/fuellabs/sway?tag=v0.66.2#31486c0b47669612acb7c64d66ecb50aea281282"
dependencies = ["core"]

[[package]]
name = "sway_libs"
source = "git+https://github.com/FuelLabs/sway-libs?default-branch#5e3977190a72912104e8aec16d64de5479cea0db"
dependencies = [
    "standards",
    "std",
]

[[package]]
name = "vrf_abi"
source = "git+https://github.com/orao-network/fuel-vrf.git?default-branch#df0532757d7a59abfd37efd281fcd69744bc3a9c"
dependencies = ["std"]
